
Microsoft Visual Studio Solution File, Format Version 12.00
# Visual Studio Version 17
VisualStudioVersion = 17.6.33815.320
MinimumVisualStudioVersion = 10.0.40219.1
Project("{FAE04EC0-301F-11D3-BF4B-00C04F79EFBC}") = "CursoCSharp", "CursoCSharp.csproj", "{F2E33CBF-9621-4222-A6C9-10A15772F8EE}"
EndProject
Global
	GlobalSection(SolutionConfigurationPlatforms) = preSolution
		Debug|Any CPU = Debug|Any CPU
		Release|Any CPU = Release|Any CPU
	EndGlobalSection
	GlobalSection(ProjectConfigurationPlatforms) = postSolution
		{F2E33CBF-9621-4222-A6C9-10A15772F8EE}.Debug|Any CPU.ActiveCfg = Debug|Any CPU
		{F2E33CBF-9621-4222-A6C9-10A15772F8EE}.Debug|Any CPU.Build.0 = Debug|Any CPU
		{F2E33CBF-9621-4222-A6C9-10A15772F8EE}.Release|Any CPU.ActiveCfg = Release|Any CPU
		{F2E33CBF-9621-4222-A6C9-10A15772F8EE}.Release|Any CPU.Build.0 = Release|Any CPU
	EndGlobalSection
	GlobalSection(SolutionProperties) = preSolution
		HideSolutionNode = FALSE
	EndGlobalSection
	GlobalSection(ExtensibilityGlobals) = postSolution
		SolutionGuid = {A1BF0E89-A978-4AD9-80BB-DE6B51BD5C75}
	EndGlobalSection
EndGlobal
